// !$*UTF8*$!
{
	archiveVersion = 1;
	classes = {
	};
	objectVersion = 52;
	objects = {

/* Begin PBXBuildFile section */
		1B3F9BE523101A53005407BE /* BaseNetworkKit in Frameworks */ = {isa = PBXBuildFile; productRef = 1B3F9BE423101A53005407BE /* BaseNetworkKit */; };
		1BF368D42310138E00B18D9A /* ObservableKit in Frameworks */ = {isa = PBXBuildFile; productRef = 1BF368D32310138E00B18D9A /* ObservableKit */; };
		8231B4E8222E9A7F00FFABB0 /* DashTableViewCell.swift in Sources */ = {isa = PBXBuildFile; fileRef = 8231B4E7222E9A7F00FFABB0 /* DashTableViewCell.swift */; };
		8231B4EB222E9B9500FFABB0 /* UIImageView+Extensions.swift in Sources */ = {isa = PBXBuildFile; fileRef = 8231B4EA222E9B9500FFABB0 /* UIImageView+Extensions.swift */; };
		826C7405222CA68600B1B119 /* AppDelegate.swift in Sources */ = {isa = PBXBuildFile; fileRef = 826C7404222CA68600B1B119 /* AppDelegate.swift */; };
		826C7407222CA68600B1B119 /* DashViewController.swift in Sources */ = {isa = PBXBuildFile; fileRef = 826C7406222CA68600B1B119 /* DashViewController.swift */; };
		826C740A222CA68600B1B119 /* Main.storyboard in Resources */ = {isa = PBXBuildFile; fileRef = 826C7408222CA68600B1B119 /* Main.storyboard */; };
		826C740C222CA68700B1B119 /* Assets.xcassets in Resources */ = {isa = PBXBuildFile; fileRef = 826C740B222CA68700B1B119 /* Assets.xcassets */; };
		826C740F222CA68700B1B119 /* LaunchScreen.storyboard in Resources */ = {isa = PBXBuildFile; fileRef = 826C740D222CA68700B1B119 /* LaunchScreen.storyboard */; };
		8281F479223B4F65007892CB /* DashAPI.swift in Sources */ = {isa = PBXBuildFile; fileRef = 8281F478223B4F65007892CB /* DashAPI.swift */; };
		82C5B02B222E0E30000BD126 /* DashService.swift in Sources */ = {isa = PBXBuildFile; fileRef = 82C5B02A222E0E30000BD126 /* DashService.swift */; };
		82C5B02D222E0E66000BD126 /* Model.swift in Sources */ = {isa = PBXBuildFile; fileRef = 82C5B02C222E0E66000BD126 /* Model.swift */; };
		82C5B02F222E218C000BD126 /* ViewModel.swift in Sources */ = {isa = PBXBuildFile; fileRef = 82C5B02E222E218C000BD126 /* ViewModel.swift */; };
/* End PBXBuildFile section */

/* Begin PBXFileReference section */
		8231B4E7222E9A7F00FFABB0 /* DashTableViewCell.swift */ = {isa = PBXFileReference; lastKnownFileType = sourcecode.swift; path = DashTableViewCell.swift; sourceTree = "<group>"; };
		8231B4EA222E9B9500FFABB0 /* UIImageView+Extensions.swift */ = {isa = PBXFileReference; lastKnownFileType = sourcecode.swift; path = "UIImageView+Extensions.swift"; sourceTree = "<group>"; };
		826C7401222CA68600B1B119 /* Example.app */ = {isa = PBXFileReference; explicitFileType = wrapper.application; includeInIndex = 0; path = Example.app; sourceTree = BUILT_PRODUCTS_DIR; };
		826C7404222CA68600B1B119 /* AppDelegate.swift */ = {isa = PBXFileReference; lastKnownFileType = sourcecode.swift; path = AppDelegate.swift; sourceTree = "<group>"; };
		826C7406222CA68600B1B119 /* DashViewController.swift */ = {isa = PBXFileReference; lastKnownFileType = sourcecode.swift; path = DashViewController.swift; sourceTree = "<group>"; };
		826C7409222CA68600B1B119 /* Base */ = {isa = PBXFileReference; lastKnownFileType = file.storyboard; name = Base; path = Base.lproj/Main.storyboard; sourceTree = "<group>"; };
		826C740B222CA68700B1B119 /* Assets.xcassets */ = {isa = PBXFileReference; lastKnownFileType = folder.assetcatalog; path = Assets.xcassets; sourceTree = "<group>"; };
		826C740E222CA68700B1B119 /* Base */ = {isa = PBXFileReference; lastKnownFileType = file.storyboard; name = Base; path = Base.lproj/LaunchScreen.storyboard; sourceTree = "<group>"; };
		826C7410222CA68700B1B119 /* Info.plist */ = {isa = PBXFileReference; lastKnownFileType = text.plist.xml; path = Info.plist; sourceTree = "<group>"; };
		8281F478223B4F65007892CB /* DashAPI.swift */ = {isa = PBXFileReference; lastKnownFileType = sourcecode.swift; path = DashAPI.swift; sourceTree = "<group>"; };
		82C5B02A222E0E30000BD126 /* DashService.swift */ = {isa = PBXFileReference; lastKnownFileType = sourcecode.swift; path = DashService.swift; sourceTree = "<group>"; };
		82C5B02C222E0E66000BD126 /* Model.swift */ = {isa = PBXFileReference; lastKnownFileType = sourcecode.swift; path = Model.swift; sourceTree = "<group>"; };
		82C5B02E222E218C000BD126 /* ViewModel.swift */ = {isa = PBXFileReference; lastKnownFileType = sourcecode.swift; path = ViewModel.swift; sourceTree = "<group>"; };
/* End PBXFileReference section */

/* Begin PBXFrameworksBuildPhase section */
		826C73FE222CA68600B1B119 /* Frameworks */ = {
			isa = PBXFrameworksBuildPhase;
			buildActionMask = 2147483647;
			files = (
				1BF368D42310138E00B18D9A /* ObservableKit in Frameworks */,
				1B3F9BE523101A53005407BE /* BaseNetworkKit in Frameworks */,
			);
			runOnlyForDeploymentPostprocessing = 0;
		};
/* End PBXFrameworksBuildPhase section */

/* Begin PBXGroup section */
		8231B4E2222E99B900FFABB0 /* Model */ = {
			isa = PBXGroup;
			children = (
				82C5B02C222E0E66000BD126 /* Model.swift */,
			);
			path = Model;
			sourceTree = "<group>";
		};
		8231B4E3222E99C400FFABB0 /* Network */ = {
			isa = PBXGroup;
			children = (
				8281F478223B4F65007892CB /* DashAPI.swift */,
				82C5B02A222E0E30000BD126 /* DashService.swift */,
			);
			path = Network;
			sourceTree = "<group>";
		};
		8231B4E4222E99CF00FFABB0 /* ViewModel */ = {
			isa = PBXGroup;
			children = (
				82C5B02E222E218C000BD126 /* ViewModel.swift */,
			);
			path = ViewModel;
			sourceTree = "<group>";
		};
		8231B4E5222E99D900FFABB0 /* View */ = {
			isa = PBXGroup;
			children = (
				826C7406222CA68600B1B119 /* DashViewController.swift */,
				8231B4E7222E9A7F00FFABB0 /* DashTableViewCell.swift */,
			);
			path = View;
			sourceTree = "<group>";
		};
		8231B4E6222E9A0300FFABB0 /* App */ = {
			isa = PBXGroup;
			children = (
				826C7404222CA68600B1B119 /* AppDelegate.swift */,
				826C7408222CA68600B1B119 /* Main.storyboard */,
				826C740D222CA68700B1B119 /* LaunchScreen.storyboard */,
				826C7410222CA68700B1B119 /* Info.plist */,
				826C740B222CA68700B1B119 /* Assets.xcassets */,
			);
			path = App;
			sourceTree = "<group>";
		};
		8231B4E9222E9B7800FFABB0 /* Common */ = {
			isa = PBXGroup;
			children = (
				82AB143A222FED2400B9E581 /* Extensions */,
			);
			path = Common;
			sourceTree = "<group>";
		};
		826C73F8222CA68600B1B119 = {
			isa = PBXGroup;
			children = (
				826C7403222CA68600B1B119 /* Example */,
				826C7402222CA68600B1B119 /* Products */,
			);
			sourceTree = "<group>";
		};
		826C7402222CA68600B1B119 /* Products */ = {
			isa = PBXGroup;
			children = (
				826C7401222CA68600B1B119 /* Example.app */,
			);
			name = Products;
			sourceTree = "<group>";
		};
		826C7403222CA68600B1B119 /* Example */ = {
			isa = PBXGroup;
			children = (
				8231B4E6222E9A0300FFABB0 /* App */,
				82AB1439222FECE400B9E581 /* Sections */,
				8231B4E9222E9B7800FFABB0 /* Common */,
			);
			path = Example;
			sourceTree = "<group>";
		};
		82AB1438222FECC400B9E581 /* Dash */ = {
			isa = PBXGroup;
			children = (
				8231B4E2222E99B900FFABB0 /* Model */,
				8231B4E5222E99D900FFABB0 /* View */,
				8231B4E4222E99CF00FFABB0 /* ViewModel */,
				8231B4E3222E99C400FFABB0 /* Network */,
			);
			path = Dash;
			sourceTree = "<group>";
		};
		82AB1439222FECE400B9E581 /* Sections */ = {
			isa = PBXGroup;
			children = (
				82AB1438222FECC400B9E581 /* Dash */,
			);
			path = Sections;
			sourceTree = "<group>";
		};
		82AB143A222FED2400B9E581 /* Extensions */ = {
			isa = PBXGroup;
			children = (
				8231B4EA222E9B9500FFABB0 /* UIImageView+Extensions.swift */,
			);
			path = Extensions;
			sourceTree = "<group>";
		};
/* End PBXGroup section */

/* Begin PBXNativeTarget section */
		826C7400222CA68600B1B119 /* Example */ = {
			isa = PBXNativeTarget;
			buildConfigurationList = 826C7413222CA68700B1B119 /* Build configuration list for PBXNativeTarget "Example" */;
			buildPhases = (
				826C73FD222CA68600B1B119 /* Sources */,
				826C73FE222CA68600B1B119 /* Frameworks */,
				826C73FF222CA68600B1B119 /* Resources */,
			);
			buildRules = (
			);
			dependencies = (
			);
			name = Example;
			packageProductDependencies = (
				1BF368D32310138E00B18D9A /* ObservableKit */,
				1B3F9BE423101A53005407BE /* BaseNetworkKit */,
			);
			productName = Demo;
			productReference = 826C7401222CA68600B1B119 /* Example.app */;
			productType = "com.apple.product-type.application";
		};
/* End PBXNativeTarget section */

/* Begin PBXProject section */
		826C73F9222CA68600B1B119 /* Project object */ = {
			isa = PBXProject;
			attributes = {
				LastSwiftUpdateCheck = 1020;
				LastUpgradeCheck = 1020;
				ORGANIZATIONNAME = thejohnlima;
				TargetAttributes = {
					826C7400222CA68600B1B119 = {
						CreatedOnToolsVersion = 10.2;
					};
				};
			};
			buildConfigurationList = 826C73FC222CA68600B1B119 /* Build configuration list for PBXProject "Example" */;
			compatibilityVersion = "Xcode 9.3";
			developmentRegion = en;
			hasScannedForEncodings = 0;
			knownRegions = (
				en,
				Base,
			);
			mainGroup = 826C73F8222CA68600B1B119;
			packageReferences = (
				1BF368D22310138E00B18D9A /* XCRemoteSwiftPackageReference "ObservableKit" */,
				1B3F9BE323101A53005407BE /* XCRemoteSwiftPackageReference "BaseNetworkKit" */,
			);
			productRefGroup = 826C7402222CA68600B1B119 /* Products */;
			projectDirPath = "";
			projectRoot = "";
			targets = (
				826C7400222CA68600B1B119 /* Example */,
			);
		};
/* End PBXProject section */

/* Begin PBXResourcesBuildPhase section */
		826C73FF222CA68600B1B119 /* Resources */ = {
			isa = PBXResourcesBuildPhase;
			buildActionMask = 2147483647;
			files = (
				826C740F222CA68700B1B119 /* LaunchScreen.storyboard in Resources */,
				826C740C222CA68700B1B119 /* Assets.xcassets in Resources */,
				826C740A222CA68600B1B119 /* Main.storyboard in Resources */,
			);
			runOnlyForDeploymentPostprocessing = 0;
		};
/* End PBXResourcesBuildPhase section */

/* Begin PBXSourcesBuildPhase section */
		826C73FD222CA68600B1B119 /* Sources */ = {
			isa = PBXSourcesBuildPhase;
			buildActionMask = 2147483647;
			files = (
				8231B4E8222E9A7F00FFABB0 /* DashTableViewCell.swift in Sources */,
				826C7407222CA68600B1B119 /* DashViewController.swift in Sources */,
				8281F479223B4F65007892CB /* DashAPI.swift in Sources */,
				826C7405222CA68600B1B119 /* AppDelegate.swift in Sources */,
				82C5B02D222E0E66000BD126 /* Model.swift in Sources */,
				82C5B02B222E0E30000BD126 /* DashService.swift in Sources */,
				8231B4EB222E9B9500FFABB0 /* UIImageView+Extensions.swift in Sources */,
				82C5B02F222E218C000BD126 /* ViewModel.swift in Sources */,
			);
			runOnlyForDeploymentPostprocessing = 0;
		};
/* End PBXSourcesBuildPhase section */

/* Begin PBXVariantGroup section */
		826C7408222CA68600B1B119 /* Main.storyboard */ = {
			isa = PBXVariantGroup;
			children = (
				826C7409222CA68600B1B119 /* Base */,
			);
			name = Main.storyboard;
			sourceTree = "<group>";
		};
		826C740D222CA68700B1B119 /* LaunchScreen.storyboard */ = {
			isa = PBXVariantGroup;
			children = (
				826C740E222CA68700B1B119 /* Base */,
			);
			name = LaunchScreen.storyboard;
			sourceTree = "<group>";
		};
/* End PBXVariantGroup section */

/* Begin XCBuildConfiguration section */
		826C7411222CA68700B1B119 /* Debug */ = {
			isa = XCBuildConfiguration;
			buildSettings = {
				ALWAYS_SEARCH_USER_PATHS = NO;
				CLANG_ANALYZER_NONNULL = YES;
				CLANG_ANALYZER_NUMBER_OBJECT_CONVERSION = YES_AGGRESSIVE;
				CLANG_CXX_LANGUAGE_STANDARD = "gnu++14";
				CLANG_CXX_LIBRARY = "libc++";
				CLANG_ENABLE_MODULES = YES;
				CLANG_ENABLE_OBJC_ARC = YES;
				CLANG_ENABLE_OBJC_WEAK = YES;
				CLANG_WARN_BLOCK_CAPTURE_AUTORELEASING = YES;
				CLANG_WARN_BOOL_CONVERSION = YES;
				CLANG_WARN_COMMA = YES;
				CLANG_WARN_CONSTANT_CONVERSION = YES;
				CLANG_WARN_DEPRECATED_OBJC_IMPLEMENTATIONS = YES;
				CLANG_WARN_DIRECT_OBJC_ISA_USAGE = YES_ERROR;
				CLANG_WARN_DOCUMENTATION_COMMENTS = YES;
				CLANG_WARN_EMPTY_BODY = YES;
				CLANG_WARN_ENUM_CONVERSION = YES;
				CLANG_WARN_INFINITE_RECURSION = YES;
				CLANG_WARN_INT_CONVERSION = YES;
				CLANG_WARN_NON_LITERAL_NULL_CONVERSION = YES;
				CLANG_WARN_OBJC_IMPLICIT_RETAIN_SELF = YES;
				CLANG_WARN_OBJC_LITERAL_CONVERSION = YES;
				CLANG_WARN_OBJC_ROOT_CLASS = YES_ERROR;
				CLANG_WARN_RANGE_LOOP_ANALYSIS = YES;
				CLANG_WARN_STRICT_PROTOTYPES = YES;
				CLANG_WARN_SUSPICIOUS_MOVE = YES;
				CLANG_WARN_UNGUARDED_AVAILABILITY = YES_AGGRESSIVE;
				CLANG_WARN_UNREACHABLE_CODE = YES;
				CLANG_WARN__DUPLICATE_METHOD_MATCH = YES;
				CODE_SIGN_IDENTITY = "iPhone Developer";
				COPY_PHASE_STRIP = NO;
				DEBUG_INFORMATION_FORMAT = dwarf;
				ENABLE_STRICT_OBJC_MSGSEND = YES;
				ENABLE_TESTABILITY = YES;
				GCC_C_LANGUAGE_STANDARD = gnu11;
				GCC_DYNAMIC_NO_PIC = NO;
				GCC_NO_COMMON_BLOCKS = YES;
				GCC_OPTIMIZATION_LEVEL = 0;
				GCC_PREPROCESSOR_DEFINITIONS = (
					"DEBUG=1",
					"$(inherited)",
				);
				GCC_WARN_64_TO_32_BIT_CONVERSION = YES;
				GCC_WARN_ABOUT_RETURN_TYPE = YES_ERROR;
				GCC_WARN_UNDECLARED_SELECTOR = YES;
				GCC_WARN_UNINITIALIZED_AUTOS = YES_AGGRESSIVE;
				GCC_WARN_UNUSED_FUNCTION = YES;
				GCC_WARN_UNUSED_VARIABLE = YES;
				IPHONEOS_DEPLOYMENT_TARGET = 9.3;
				MTL_ENABLE_DEBUG_INFO = INCLUDE_SOURCE;
				MTL_FAST_MATH = YES;
				ONLY_ACTIVE_ARCH = YES;
				SDKROOT = iphoneos;
				SWIFT_ACTIVE_COMPILATION_CONDITIONS = DEBUG;
				SWIFT_OPTIMIZATION_LEVEL = "-Onone";
			};
			name = Debug;
		};
		826C7412222CA68700B1B119 /* Release */ = {
			isa = XCBuildConfiguration;
			buildSettings = {
				ALWAYS_SEARCH_USER_PATHS = NO;
				CLANG_ANALYZER_NONNULL = YES;
				CLANG_ANALYZER_NUMBER_OBJECT_CONVERSION = YES_AGGRESSIVE;
				CLANG_CXX_LANGUAGE_STANDARD = "gnu++14";
				CLANG_CXX_LIBRARY = "libc++";
				CLANG_ENABLE_MODULES = YES;
				CLANG_ENABLE_OBJC_ARC = YES;
				CLANG_ENABLE_OBJC_WEAK = YES;
				CLANG_WARN_BLOCK_CAPTURE_AUTORELEASING = YES;
				CLANG_WARN_BOOL_CONVERSION = YES;
				CLANG_WARN_COMMA = YES;
				CLANG_WARN_CONSTANT_CONVERSION = YES;
				CLANG_WARN_DEPRECATED_OBJC_IMPLEMENTATIONS = YES;
				CLANG_WARN_DIRECT_OBJC_ISA_USAGE = YES_ERROR;
				CLANG_WARN_DOCUMENTATION_COMMENTS = YES;
				CLANG_WARN_EMPTY_BODY = YES;
				CLANG_WARN_ENUM_CONVERSION = YES;
				CLANG_WARN_INFINITE_RECURSION = YES;
				CLANG_WARN_INT_CONVERSION = YES;
				CLANG_WARN_NON_LITERAL_NULL_CONVERSION = YES;
				CLANG_WARN_OBJC_IMPLICIT_RETAIN_SELF = YES;
				CLANG_WARN_OBJC_LITERAL_CONVERSION = YES;
				CLANG_WARN_OBJC_ROOT_CLASS = YES_ERROR;
				CLANG_WARN_RANGE_LOOP_ANALYSIS = YES;
				CLANG_WARN_STRICT_PROTOTYPES = YES;
				CLANG_WARN_SUSPICIOUS_MOVE = YES;
				CLANG_WARN_UNGUARDED_AVAILABILITY = YES_AGGRESSIVE;
				CLANG_WARN_UNREACHABLE_CODE = YES;
				CLANG_WARN__DUPLICATE_METHOD_MATCH = YES;
				CODE_SIGN_IDENTITY = "iPhone Developer";
				COPY_PHASE_STRIP = NO;
				DEBUG_INFORMATION_FORMAT = "dwarf-with-dsym";
				ENABLE_NS_ASSERTIONS = NO;
				ENABLE_STRICT_OBJC_MSGSEND = YES;
				GCC_C_LANGUAGE_STANDARD = gnu11;
				GCC_NO_COMMON_BLOCKS = YES;
				GCC_WARN_64_TO_32_BIT_CONVERSION = YES;
				GCC_WARN_ABOUT_RETURN_TYPE = YES_ERROR;
				GCC_WARN_UNDECLARED_SELECTOR = YES;
				GCC_WARN_UNINITIALIZED_AUTOS = YES_AGGRESSIVE;
				GCC_WARN_UNUSED_FUNCTION = YES;
				GCC_WARN_UNUSED_VARIABLE = YES;
				IPHONEOS_DEPLOYMENT_TARGET = 9.3;
				MTL_ENABLE_DEBUG_INFO = NO;
				MTL_FAST_MATH = YES;
				SDKROOT = iphoneos;
				SWIFT_COMPILATION_MODE = wholemodule;
				SWIFT_OPTIMIZATION_LEVEL = "-O";
				VALIDATE_PRODUCT = YES;
			};
			name = Release;
		};
		826C7414222CA68700B1B119 /* Debug */ = {
			isa = XCBuildConfiguration;
			buildSettings = {
				ASSETCATALOG_COMPILER_APPICON_NAME = AppIcon;
				CODE_SIGN_STYLE = Automatic;
				INFOPLIST_FILE = Example/App/Info.plist;
				LD_RUNPATH_SEARCH_PATHS = (
					"$(inherited)",
					"@executable_path/Frameworks",
				);
				PRODUCT_BUNDLE_IDENTIFIER = thejohnlima.example;
				PRODUCT_MODULE_NAME = Example;
				PRODUCT_NAME = "$(TARGET_NAME)";
				SWIFT_VERSION = 5.0;
				TARGETED_DEVICE_FAMILY = "1,2";
			};
			name = Debug;
		};
		826C7415222CA68700B1B119 /* Release */ = {
			isa = XCBuildConfiguration;
			buildSettings = {
				ASSETCATALOG_COMPILER_APPICON_NAME = AppIcon;
				CODE_SIGN_STYLE = Automatic;
				INFOPLIST_FILE = Example/App/Info.plist;
				LD_RUNPATH_SEARCH_PATHS = (
					"$(inherited)",
					"@executable_path/Frameworks",
				);
				PRODUCT_BUNDLE_IDENTIFIER = thejohnlima.example;
				PRODUCT_MODULE_NAME = Example;
				PRODUCT_NAME = "$(TARGET_NAME)";
				SWIFT_VERSION = 5.0;
				TARGETED_DEVICE_FAMILY = "1,2";
			};
			name = Release;
		};
/* End XCBuildConfiguration section */

/* Begin XCConfigurationList section */
		826C73FC222CA68600B1B119 /* Build configuration list for PBXProject "Example" */ = {
			isa = XCConfigurationList;
			buildConfigurations = (
				826C7411222CA68700B1B119 /* Debug */,
				826C7412222CA68700B1B119 /* Release */,
			);
			defaultConfigurationIsVisible = 0;
			defaultConfigurationName = Release;
		};
		826C7413222CA68700B1B119 /* Build configuration list for PBXNativeTarget "Example" */ = {
			isa = XCConfigurationList;
			buildConfigurations = (
				826C7414222CA68700B1B119 /* Debug */,
				826C7415222CA68700B1B119 /* Release */,
			);
			defaultConfigurationIsVisible = 0;
			defaultConfigurationName = Release;
		};
/* End XCConfigurationList section */

/* Begin XCRemoteSwiftPackageReference section */
		1B3F9BE323101A53005407BE /* XCRemoteSwiftPackageReference "BaseNetworkKit" */ = {
			isa = XCRemoteSwiftPackageReference;
			repositoryURL = "https://github.com/limadeveloper/BaseNetworkKit.git";
			requirement = {
				kind = upToNextMajorVersion;
				minimumVersion = 1.0.9;
			};
		};
		1BF368D22310138E00B18D9A /* XCRemoteSwiftPackageReference "ObservableKit" */ = {
			isa = XCRemoteSwiftPackageReference;
			repositoryURL = "https://github.com/limadeveloper/ObservableKit.git";
			requirement = {
				kind = upToNextMajorVersion;
				minimumVersion = 1.0.3;
			};
		};
/* End XCRemoteSwiftPackageReference section */

/* Begin XCSwiftPackageProductDependency section */
		1B3F9BE423101A53005407BE /* BaseNetworkKit */ = {
			isa = XCSwiftPackageProductDependency;
			package = 1B3F9BE323101A53005407BE /* XCRemoteSwiftPackageReference "BaseNetworkKit" */;
			productName = BaseNetworkKit;
		};
		1BF368D32310138E00B18D9A /* ObservableKit */ = {
			isa = XCSwiftPackageProductDependency;
			package = 1BF368D22310138E00B18D9A /* XCRemoteSwiftPackageReference "ObservableKit" */;
			productName = ObservableKit;
		};
/* End XCSwiftPackageProductDependency section */
	};
	rootObject = 826C73F9222CA68600B1B119 /* Project object */;
}
