PODS:
  - BaseNetworkKit (1.0.3)
  - ObservableKit (1.0.1)

DEPENDENCIES:
  - BaseNetworkKit (~> 1.0)
  - ObservableKit (~> 1.0)

SPEC REPOS:
  https://github.com/cocoapods/specs.git:
    - ObservableKit
  https://github.com/limadeveloper/BaseNetworkKit.git:
    - BaseNetworkKit

SPEC CHECKSUMS:
  BaseNetworkKit: 39c092e0a1a7113a11e2d4396189d4e0698d0193
  ObservableKit: f5f914904a359cbe56afa80ea411b45d5786058f

PODFILE CHECKSUM: 46043fb82ff00f6bf0aab89288f0be3806592645

COCOAPODS: 1.6.1
