PODS:
  - BaseNetworkKit (1.0.5)
  - ObservableKit (1.0.1)

DEPENDENCIES:
  - BaseNetworkKit (from `https://github.com/limadeveloper/BaseNetworkKit.git`, branch `feature/improve_requests`)
  - ObservableKit (~> 1.0)

SPEC REPOS:
  https://github.com/cocoapods/specs.git:
    - ObservableKit

EXTERNAL SOURCES:
  BaseNetworkKit:
    :branch: feature/improve_requests
    :git: https://github.com/limadeveloper/BaseNetworkKit.git

CHECKOUT OPTIONS:
  BaseNetworkKit:
    :commit: ccf4e0b831dc5cfb5feb46e96e8b6c3bf267fd55
    :git: https://github.com/limadeveloper/BaseNetworkKit.git

SPEC CHECKSUMS:
  BaseNetworkKit: ac0bc5d931899bf60e04f12a1bef8c1863c5ea31
  ObservableKit: f5f914904a359cbe56afa80ea411b45d5786058f

PODFILE CHECKSUM: eba68247307dcc82b9c8c87b9c4d01fdf2bb1ff1

COCOAPODS: 1.6.1
