PODS:
  - BaseNetworkKit (1.0.0)
  - ObservableKit (1.0.1)

DEPENDENCIES:
  - BaseNetworkKit (~> 1.0)
  - ObservableKit (~> 1.0)

SPEC REPOS:
  https://github.com/cocoapods/specs.git:
    - ObservableKit
  https://github.com/limadeveloper/BaseNetworkKit.git:
    - BaseNetworkKit

SPEC CHECKSUMS:
  BaseNetworkKit: 688ecc5f90a8d831dde56d21639a66186177ef9f
  ObservableKit: f5f914904a359cbe56afa80ea411b45d5786058f

PODFILE CHECKSUM: a7f07695c199f503ed43d30e8de19a493899fa32

COCOAPODS: 1.6.1
